
Microsoft Visual Studio Solution File, Format Version 12.00
# Visual Studio Version 17
VisualStudioVersion = 17.11.35312.102
MinimumVisualStudioVersion = 10.0.40219.1
Project("{FAE04EC0-301F-11D3-BF4B-00C04F79EFBC}") = "SMS", "SMS\SMS.csproj", "{11322BD4-3677-4A36-AC9C-0058D4F713EF}"
EndProject
Global
	GlobalSection(SolutionConfigurationPlatforms) = preSolution
		Debug|Any CPU = Debug|Any CPU
		Release|Any CPU = Release|Any CPU
	EndGlobalSection
	GlobalSection(ProjectConfigurationPlatforms) = postSolution
		{11322BD4-3677-4A36-AC9C-0058D4F713EF}.Debug|Any CPU.ActiveCfg = Debug|Any CPU
		{11322BD4-3677-4A36-AC9C-0058D4F713EF}.Debug|Any CPU.Build.0 = Debug|Any CPU
		{11322BD4-3677-4A36-AC9C-0058D4F713EF}.Release|Any CPU.ActiveCfg = Release|Any CPU
		{11322BD4-3677-4A36-AC9C-0058D4F713EF}.Release|Any CPU.Build.0 = Release|Any CPU
	EndGlobalSection
	GlobalSection(SolutionProperties) = preSolution
		HideSolutionNode = FALSE
	EndGlobalSection
	GlobalSection(ExtensibilityGlobals) = postSolution
		SolutionGuid = {3FEF4DAC-8E14-4E1A-B9AE-C1E463C4DBB9}
	EndGlobalSection
EndGlobal
